
Microsoft Visual Studio Solution File, Format Version 12.00
# Visual Studio 14
VisualStudioVersion = 14.0.25123.0
MinimumVisualStudioVersion = 10.0.40219.1
Project("{FAE04EC0-301F-11D3-BF4B-00C04F79EFBC}") = "ObserverPattern", "ObserverPattern\ObserverPattern.csproj", "{4AC5060B-B81E-461A-9FAA-643C7CB882E5}"
EndProject
Project("{FAE04EC0-301F-11D3-BF4B-00C04F79EFBC}") = "AlternativeUsingEvents", "AlternativeUsingEvents\AlternativeUsingEvents.csproj", "{64C24523-4C91-471F-A839-BDC3F068F052}"
EndProject
Global
	GlobalSection(SolutionConfigurationPlatforms) = preSolution
		Debug|Any CPU = Debug|Any CPU
		Release|Any CPU = Release|Any CPU
	EndGlobalSection
	GlobalSection(ProjectConfigurationPlatforms) = postSolution
		{4AC5060B-B81E-461A-9FAA-643C7CB882E5}.Debug|Any CPU.ActiveCfg = Debug|Any CPU
		{4AC5060B-B81E-461A-9FAA-643C7CB882E5}.Debug|Any CPU.Build.0 = Debug|Any CPU
		{4AC5060B-B81E-461A-9FAA-643C7CB882E5}.Release|Any CPU.ActiveCfg = Release|Any CPU
		{4AC5060B-B81E-461A-9FAA-643C7CB882E5}.Release|Any CPU.Build.0 = Release|Any CPU
		{64C24523-4C91-471F-A839-BDC3F068F052}.Debug|Any CPU.ActiveCfg = Debug|Any CPU
		{64C24523-4C91-471F-A839-BDC3F068F052}.Debug|Any CPU.Build.0 = Debug|Any CPU
		{64C24523-4C91-471F-A839-BDC3F068F052}.Release|Any CPU.ActiveCfg = Release|Any CPU
		{64C24523-4C91-471F-A839-BDC3F068F052}.Release|Any CPU.Build.0 = Release|Any CPU
	EndGlobalSection
	GlobalSection(SolutionProperties) = preSolution
		HideSolutionNode = FALSE
	EndGlobalSection
EndGlobal
